Microsoft Visual Studio Solution File, Format Version 12.00
# Visual Studio Version 17
VisualStudioVersion = 17.5.2.0
MinimumVisualStudioVersion = 10.0.40219.1
Project("{FAE04EC0-301F-11D3-BF4B-00C04F79EFBC}") = "Proiektua", "Proiektua.csproj", "{3D5DF399-3F26-5882-C4BD-7B5288A24BAB}"
EndProject
Global
	GlobalSection(SolutionConfigurationPlatforms) = preSolution
		Debug|Any CPU = Debug|Any CPU
		Release|Any CPU = Release|Any CPU
	EndGlobalSection
	GlobalSection(ProjectConfigurationPlatforms) = postSolution
		{3D5DF399-3F26-5882-C4BD-7B5288A24BAB}.Debug|Any CPU.ActiveCfg = Debug|Any CPU
		{3D5DF399-3F26-5882-C4BD-7B5288A24BAB}.Debug|Any CPU.Build.0 = Debug|Any CPU
		{3D5DF399-3F26-5882-C4BD-7B5288A24BAB}.Release|Any CPU.ActiveCfg = Release|Any CPU
		{3D5DF399-3F26-5882-C4BD-7B5288A24BAB}.Release|Any CPU.Build.0 = Release|Any CPU
	EndGlobalSection
	GlobalSection(SolutionProperties) = preSolution
		HideSolutionNode = FALSE
	EndGlobalSection
	GlobalSection(ExtensibilityGlobals) = postSolution
		SolutionGuid = {74F8F511-45D0-4EBF-BCF6-99A55325173B}
	EndGlobalSection
EndGlobal
